
Microsoft Visual Studio Solution File, Format Version 12.00
# Visual Studio Version 17
VisualStudioVersion = 17.3.32825.248
MinimumVisualStudioVersion = 10.0.40219.1
Project("{FAE04EC0-301F-11D3-BF4B-00C04F79EFBC}") = "DiamondKataNew", "DiamondKataNew\DiamondKataNew.csproj", "{695F84F8-ED54-4118-9A3E-C0151D89C5C6}"
EndProject
Project("{FAE04EC0-301F-11D3-BF4B-00C04F79EFBC}") = "DiamondKataTest", "DiamondKataTest\DiamondKataTest.csproj", "{F71D92D2-6369-47B0-97C5-1FBBB229E895}"
EndProject
Global
	GlobalSection(SolutionConfigurationPlatforms) = preSolution
		Debug|Any CPU = Debug|Any CPU
		Release|Any CPU = Release|Any CPU
	EndGlobalSection
	GlobalSection(ProjectConfigurationPlatforms) = postSolution
		{695F84F8-ED54-4118-9A3E-C0151D89C5C6}.Debug|Any CPU.ActiveCfg = Debug|Any CPU
		{695F84F8-ED54-4118-9A3E-C0151D89C5C6}.Debug|Any CPU.Build.0 = Debug|Any CPU
		{695F84F8-ED54-4118-9A3E-C0151D89C5C6}.Release|Any CPU.ActiveCfg = Release|Any CPU
		{695F84F8-ED54-4118-9A3E-C0151D89C5C6}.Release|Any CPU.Build.0 = Release|Any CPU
		{F71D92D2-6369-47B0-97C5-1FBBB229E895}.Debug|Any CPU.ActiveCfg = Debug|Any CPU
		{F71D92D2-6369-47B0-97C5-1FBBB229E895}.Debug|Any CPU.Build.0 = Debug|Any CPU
		{F71D92D2-6369-47B0-97C5-1FBBB229E895}.Release|Any CPU.ActiveCfg = Release|Any CPU
		{F71D92D2-6369-47B0-97C5-1FBBB229E895}.Release|Any CPU.Build.0 = Release|Any CPU
	EndGlobalSection
	GlobalSection(SolutionProperties) = preSolution
		HideSolutionNode = FALSE
	EndGlobalSection
	GlobalSection(ExtensibilityGlobals) = postSolution
		SolutionGuid = {37FC851B-FBDD-4FF6-872C-A4E3FB18FEE9}
	EndGlobalSection
EndGlobal
